
Microsoft Visual Studio Solution File, Format Version 12.00
# Visual Studio 14
VisualStudioVersion = 14.0.25420.1
MinimumVisualStudioVersion = 10.0.40219.1
Project("{FAE04EC0-301F-11D3-BF4B-00C04F79EFBC}") = "COMP2614Final", "COMP2614Final\COMP2614Final.csproj", "{C2F0320B-72FE-4D5B-9A46-3B64CEB7D4F4}"
EndProject
Project("{FAE04EC0-301F-11D3-BF4B-00C04F79EFBC}") = "COMP2614FinalLibrary", "COMP2614FinalLibrary\COMP2614FinalLibrary.csproj", "{E6C75D46-7D52-42DA-B3CE-E1F8DF0948AD}"
EndProject
Global
	GlobalSection(SolutionConfigurationPlatforms) = preSolution
		Debug|Any CPU = Debug|Any CPU
		Release|Any CPU = Release|Any CPU
	EndGlobalSection
	GlobalSection(ProjectConfigurationPlatforms) = postSolution
		{C2F0320B-72FE-4D5B-9A46-3B64CEB7D4F4}.Debug|Any CPU.ActiveCfg = Debug|Any CPU
		{C2F0320B-72FE-4D5B-9A46-3B64CEB7D4F4}.Debug|Any CPU.Build.0 = Debug|Any CPU
		{C2F0320B-72FE-4D5B-9A46-3B64CEB7D4F4}.Release|Any CPU.ActiveCfg = Release|Any CPU
		{C2F0320B-72FE-4D5B-9A46-3B64CEB7D4F4}.Release|Any CPU.Build.0 = Release|Any CPU
		{E6C75D46-7D52-42DA-B3CE-E1F8DF0948AD}.Debug|Any CPU.ActiveCfg = Debug|Any CPU
		{E6C75D46-7D52-42DA-B3CE-E1F8DF0948AD}.Debug|Any CPU.Build.0 = Debug|Any CPU
		{E6C75D46-7D52-42DA-B3CE-E1F8DF0948AD}.Release|Any CPU.ActiveCfg = Release|Any CPU
		{E6C75D46-7D52-42DA-B3CE-E1F8DF0948AD}.Release|Any CPU.Build.0 = Release|Any CPU
	EndGlobalSection
	GlobalSection(SolutionProperties) = preSolution
		HideSolutionNode = FALSE
	EndGlobalSection
EndGlobal
